// !$*UTF8*$!
{
	archiveVersion = 1;
	classes = {
	};
	objectVersion = 46;
	objects = {

/* Begin PBXBuildFile section */
		B8ABD4451DCB7C2D0076DDDF /* AppDelegate.swift in Sources */ = {isa = PBXBuildFile; fileRef = B8ABD4441DCB7C2D0076DDDF /* AppDelegate.swift */; };
		B8ABD4471DCB7C2D0076DDDF /* ViewController.swift in Sources */ = {isa = PBXBuildFile; fileRef = B8ABD4461DCB7C2D0076DDDF /* ViewController.swift */; };
		B8ABD44A1DCB7C2D0076DDDF /* Main.storyboard in Resources */ = {isa = PBXBuildFile; fileRef = B8ABD4481DCB7C2D0076DDDF /* Main.storyboard */; };
		B8ABD44C1DCB7C2D0076DDDF /* Assets.xcassets in Resources */ = {isa = PBXBuildFile; fileRef = B8ABD44B1DCB7C2D0076DDDF /* Assets.xcassets */; };
		B8ABD44F1DCB7C2D0076DDDF /* LaunchScreen.storyboard in Resources */ = {isa = PBXBuildFile; fileRef = B8ABD44D1DCB7C2D0076DDDF /* LaunchScreen.storyboard */; };
/* End PBXBuildFile section */

/* Begin PBXFileReference section */
		B8ABD4411DCB7C2D0076DDDF /* Swift.app */ = {isa = PBXFileReference; explicitFileType = wrapper.application; includeInIndex = 0; path = Swift.app; sourceTree = BUILT_PRODUCTS_DIR; };
		B8ABD4441DCB7C2D0076DDDF /* AppDelegate.swift */ = {isa = PBXFileReference; lastKnownFileType = sourcecode.swift; path = AppDelegate.swift; sourceTree = "<group>"; };
		B8ABD4461DCB7C2D0076DDDF /* ViewController.swift */ = {isa = PBXFileReference; lastKnownFileType = sourcecode.swift; path = ViewController.swift; sourceTree = "<group>"; };
		B8ABD4491DCB7C2D0076DDDF /* Base */ = {isa = PBXFileReference; lastKnownFileType = file.storyboard; name = Base; path = Base.lproj/Main.storyboard; sourceTree = "<group>"; };
		B8ABD44B1DCB7C2D0076DDDF /* Assets.xcassets */ = {isa = PBXFileReference; lastKnownFileType = folder.assetcatalog; path = Assets.xcassets; sourceTree = "<group>"; };
		B8ABD44E1DCB7C2D0076DDDF /* Base */ = {isa = PBXFileReference; lastKnownFileType = file.storyboard; name = Base; path = Base.lproj/LaunchScreen.storyboard; sourceTree = "<group>"; };
		B8ABD4501DCB7C2D0076DDDF /* Info.plist */ = {isa = PBXFileReference; lastKnownFileType = text.plist.xml; path = Info.plist; sourceTree = "<group>"; };
/* End PBXFileReference section */

/* Begin PBXFrameworksBuildPhase section */
		B8ABD43E1DCB7C2D0076DDDF /* Frameworks */ = {
			isa = PBXFrameworksBuildPhase;
			buildActionMask = 2147483647;
			files = (
			);
			runOnlyForDeploymentPostprocessing = 0;
		};
/* End PBXFrameworksBuildPhase section */

/* Begin PBXGroup section */
		B8ABD4381DCB7C2D0076DDDF = {
			isa = PBXGroup;
			children = (
				B8ABD4431DCB7C2D0076DDDF /* Swift */,
				B8ABD4421DCB7C2D0076DDDF /* Products */,
			);
			sourceTree = "<group>";
		};
		B8ABD4421DCB7C2D0076DDDF /* Products */ = {
			isa = PBXGroup;
			children = (
				B8ABD4411DCB7C2D0076DDDF /* Swift.app */,
			);
			name = Products;
			sourceTree = "<group>";
		};
		B8ABD4431DCB7C2D0076DDDF /* Swift */ = {
			isa = PBXGroup;
			children = (
				B8ABD4441DCB7C2D0076DDDF /* AppDelegate.swift */,
				B8ABD4461DCB7C2D0076DDDF /* ViewController.swift */,
				B8ABD4481DCB7C2D0076DDDF /* Main.storyboard */,
				B8ABD44B1DCB7C2D0076DDDF /* Assets.xcassets */,
				B8ABD44D1DCB7C2D0076DDDF /* LaunchScreen.storyboard */,
				B8ABD4501DCB7C2D0076DDDF /* Info.plist */,
			);
			path = Swift;
			sourceTree = "<group>";
		};
/* End PBXGroup section */

/* Begin PBXNativeTarget section */
		B8ABD4401DCB7C2D0076DDDF /* Swift */ = {
			isa = PBXNativeTarget;
			buildConfigurationList = B8ABD4531DCB7C2D0076DDDF /* Build configuration list for PBXNativeTarget "Swift" */;
			buildPhases = (
				B8ABD43D1DCB7C2D0076DDDF /* Sources */,
				B8ABD43E1DCB7C2D0076DDDF /* Frameworks */,
				B8ABD43F1DCB7C2D0076DDDF /* Resources */,
			);
			buildRules = (
			);
			dependencies = (
			);
			name = Swift;
			productName = Swift;
			productReference = B8ABD4411DCB7C2D0076DDDF /* Swift.app */;
			productType = "com.apple.product-type.application";
		};
/* End PBXNativeTarget section */

/* Begin PBXProject section */
		B8ABD4391DCB7C2D0076DDDF /* Project object */ = {
			isa = PBXProject;
			attributes = {
				LastSwiftUpdateCheck = 0800;
				LastUpgradeCheck = 0800;
				ORGANIZATIONNAME = iem;
				TargetAttributes = {
					B8ABD4401DCB7C2D0076DDDF = {
						CreatedOnToolsVersion = 8.0;
						ProvisioningStyle = Automatic;
					};
				};
			};
			buildConfigurationList = B8ABD43C1DCB7C2D0076DDDF /* Build configuration list for PBXProject "Swift" */;
			compatibilityVersion = "Xcode 3.2";
			developmentRegion = English;
			hasScannedForEncodings = 0;
			knownRegions = (
				en,
				Base,
			);
			mainGroup = B8ABD4381DCB7C2D0076DDDF;
			productRefGroup = B8ABD4421DCB7C2D0076DDDF /* Products */;
			projectDirPath = "";
			projectRoot = "";
			targets = (
				B8ABD4401DCB7C2D0076DDDF /* Swift */,
			);
		};
/* End PBXProject section */

/* Begin PBXResourcesBuildPhase section */
		B8ABD43F1DCB7C2D0076DDDF /* Resources */ = {
			isa = PBXResourcesBuildPhase;
			buildActionMask = 2147483647;
			files = (
				B8ABD44F1DCB7C2D0076DDDF /* LaunchScreen.storyboard in Resources */,
				B8ABD44C1DCB7C2D0076DDDF /* Assets.xcassets in Resources */,
				B8ABD44A1DCB7C2D0076DDDF /* Main.storyboard in Resources */,
			);
			runOnlyForDeploymentPostprocessing = 0;
		};
/* End PBXResourcesBuildPhase section */

/* Begin PBXSourcesBuildPhase section */
		B8ABD43D1DCB7C2D0076DDDF /* Sources */ = {
			isa = PBXSourcesBuildPhase;
			buildActionMask = 2147483647;
			files = (
				B8ABD4471DCB7C2D0076DDDF /* ViewController.swift in Sources */,
				B8ABD4451DCB7C2D0076DDDF /* AppDelegate.swift in Sources */,
			);
			runOnlyForDeploymentPostprocessing = 0;
		};
/* End PBXSourcesBuildPhase section */

/* Begin PBXVariantGroup section */
		B8ABD4481DCB7C2D0076DDDF /* Main.storyboard */ = {
			isa = PBXVariantGroup;
			children = (
				B8ABD4491DCB7C2D0076DDDF /* Base */,
			);
			name = Main.storyboard;
			sourceTree = "<group>";
		};
		B8ABD44D1DCB7C2D0076DDDF /* LaunchScreen.storyboard */ = {
			isa = PBXVariantGroup;
			children = (
				B8ABD44E1DCB7C2D0076DDDF /* Base */,
			);
			name = LaunchScreen.storyboard;
			sourceTree = "<group>";
		};
/* End PBXVariantGroup section */

/* Begin XCBuildConfiguration section */
		B8ABD4511DCB7C2D0076DDDF /* Debug */ = {
			isa = XCBuildConfiguration;
			buildSettings = {
				ALWAYS_SEARCH_USER_PATHS = NO;
				CLANG_ANALYZER_NONNULL = YES;
				CLANG_CXX_LANGUAGE_STANDARD = "gnu++0x";
				CLANG_CXX_LIBRARY = "libc++";
				CLANG_ENABLE_MODULES = YES;
				CLANG_ENABLE_OBJC_ARC = YES;
				CLANG_WARN_BOOL_CONVERSION = YES;
				CLANG_WARN_CONSTANT_CONVERSION = YES;
				CLANG_WARN_DIRECT_OBJC_ISA_USAGE = YES_ERROR;
				CLANG_WARN_DOCUMENTATION_COMMENTS = YES;
				CLANG_WARN_EMPTY_BODY = YES;
				CLANG_WARN_ENUM_CONVERSION = YES;
				CLANG_WARN_INFINITE_RECURSION = YES;
				CLANG_WARN_INT_CONVERSION = YES;
				CLANG_WARN_OBJC_ROOT_CLASS = YES_ERROR;
				CLANG_WARN_SUSPICIOUS_MOVES = YES;
				CLANG_WARN_UNREACHABLE_CODE = YES;
				CLANG_WARN__DUPLICATE_METHOD_MATCH = YES;
				"CODE_SIGN_IDENTITY[sdk=iphoneos*]" = "iPhone Developer";
				COPY_PHASE_STRIP = NO;
				DEBUG_INFORMATION_FORMAT = dwarf;
				ENABLE_STRICT_OBJC_MSGSEND = YES;
				ENABLE_TESTABILITY = YES;
				GCC_C_LANGUAGE_STANDARD = gnu99;
				GCC_DYNAMIC_NO_PIC = NO;
				GCC_NO_COMMON_BLOCKS = YES;
				GCC_OPTIMIZATION_LEVEL = 0;
				GCC_PREPROCESSOR_DEFINITIONS = (
					"DEBUG=1",
					"$(inherited)",
				);
				GCC_WARN_64_TO_32_BIT_CONVERSION = YES;
				GCC_WARN_ABOUT_RETURN_TYPE = YES_ERROR;
				GCC_WARN_UNDECLARED_SELECTOR = YES;
				GCC_WARN_UNINITIALIZED_AUTOS = YES_AGGRESSIVE;
				GCC_WARN_UNUSED_FUNCTION = YES;
				GCC_WARN_UNUSED_VARIABLE = YES;
				IPHONEOS_DEPLOYMENT_TARGET = 10.0;
				MTL_ENABLE_DEBUG_INFO = YES;
				ONLY_ACTIVE_ARCH = YES;
				SDKROOT = iphoneos;
				SWIFT_ACTIVE_COMPILATION_CONDITIONS = DEBUG;
				SWIFT_OPTIMIZATION_LEVEL = "-Onone";
			};
			name = Debug;
		};
		B8ABD4521DCB7C2D0076DDDF /* Release */ = {
			isa = XCBuildConfiguration;
			buildSettings = {
				ALWAYS_SEARCH_USER_PATHS = NO;
				CLANG_ANALYZER_NONNULL = YES;
				CLANG_CXX_LANGUAGE_STANDARD = "gnu++0x";
				CLANG_CXX_LIBRARY = "libc++";
				CLANG_ENABLE_MODULES = YES;
				CLANG_ENABLE_OBJC_ARC = YES;
				CLANG_WARN_BOOL_CONVERSION = YES;
				CLANG_WARN_CONSTANT_CONVERSION = YES;
				CLANG_WARN_DIRECT_OBJC_ISA_USAGE = YES_ERROR;
				CLANG_WARN_DOCUMENTATION_COMMENTS = YES;
				CLANG_WARN_EMPTY_BODY = YES;
				CLANG_WARN_ENUM_CONVERSION = YES;
				CLANG_WARN_INFINITE_RECURSION = YES;
				CLANG_WARN_INT_CONVERSION = YES;
				CLANG_WARN_OBJC_ROOT_CLASS = YES_ERROR;
				CLANG_WARN_SUSPICIOUS_MOVES = YES;
				CLANG_WARN_UNREACHABLE_CODE = YES;
				CLANG_WARN__DUPLICATE_METHOD_MATCH = YES;
				"CODE_SIGN_IDENTITY[sdk=iphoneos*]" = "iPhone Developer";
				COPY_PHASE_STRIP = NO;
				DEBUG_INFORMATION_FORMAT = "dwarf-with-dsym";
				ENABLE_NS_ASSERTIONS = NO;
				ENABLE_STRICT_OBJC_MSGSEND = YES;
				GCC_C_LANGUAGE_STANDARD = gnu99;
				GCC_NO_COMMON_BLOCKS = YES;
				GCC_WARN_64_TO_32_BIT_CONVERSION = YES;
				GCC_WARN_ABOUT_RETURN_TYPE = YES_ERROR;
				GCC_WARN_UNDECLARED_SELECTOR = YES;
				GCC_WARN_UNINITIALIZED_AUTOS = YES_AGGRESSIVE;
				GCC_WARN_UNUSED_FUNCTION = YES;
				GCC_WARN_UNUSED_VARIABLE = YES;
				IPHONEOS_DEPLOYMENT_TARGET = 10.0;
				MTL_ENABLE_DEBUG_INFO = NO;
				SDKROOT = iphoneos;
				SWIFT_OPTIMIZATION_LEVEL = "-Owholemodule";
				VALIDATE_PRODUCT = YES;
			};
			name = Release;
		};
		B8ABD4541DCB7C2D0076DDDF /* Debug */ = {
			isa = XCBuildConfiguration;
			buildSettings = {
				ASSETCATALOG_COMPILER_APPICON_NAME = AppIcon;
				INFOPLIST_FILE = Swift/Info.plist;
				LD_RUNPATH_SEARCH_PATHS = "$(inherited) @executable_path/Frameworks";
				PRODUCT_BUNDLE_IDENTIFIER = test.Swift;
				PRODUCT_NAME = "$(TARGET_NAME)";
				SWIFT_VERSION = 3.0;
			};
			name = Debug;
		};
		B8ABD4551DCB7C2D0076DDDF /* Release */ = {
			isa = XCBuildConfiguration;
			buildSettings = {
				ASSETCATALOG_COMPILER_APPICON_NAME = AppIcon;
				INFOPLIST_FILE = Swift/Info.plist;
				LD_RUNPATH_SEARCH_PATHS = "$(inherited) @executable_path/Frameworks";
				PRODUCT_BUNDLE_IDENTIFIER = test.Swift;
				PRODUCT_NAME = "$(TARGET_NAME)";
				SWIFT_VERSION = 3.0;
			};
			name = Release;
		};
/* End XCBuildConfiguration section */

/* Begin XCConfigurationList section */
		B8ABD43C1DCB7C2D0076DDDF /* Build configuration list for PBXProject "Swift" */ = {
			isa = XCConfigurationList;
			buildConfigurations = (
				B8ABD4511DCB7C2D0076DDDF /* Debug */,
				B8ABD4521DCB7C2D0076DDDF /* Release */,
			);
			defaultConfigurationIsVisible = 0;
			defaultConfigurationName = Release;
		};
		B8ABD4531DCB7C2D0076DDDF /* Build configuration list for PBXNativeTarget "Swift" */ = {
			isa = XCConfigurationList;
			buildConfigurations = (
				B8ABD4541DCB7C2D0076DDDF /* Debug */,
				B8ABD4551DCB7C2D0076DDDF /* Release */,
			);
			defaultConfigurationIsVisible = 0;
		};
/* End XCConfigurationList section */
	};
	rootObject = B8ABD4391DCB7C2D0076DDDF /* Project object */;
}
